
Microsoft Visual Studio Solution File, Format Version 12.00
# Visual Studio Version 17
VisualStudioVersion = 17.3.32825.248
MinimumVisualStudioVersion = 10.0.40219.1
Project("{9A19103F-16F7-4668-BE54-9A1E7A4F7556}") = "Lists", "Links\Lists.csproj", "{1C157281-4A4E-4411-B443-686C89BDD6FE}"
EndProject
Global
	GlobalSection(SolutionConfigurationPlatforms) = preSolution
		Debug|Any CPU = Debug|Any CPU
		Release|Any CPU = Release|Any CPU
	EndGlobalSection
	GlobalSection(ProjectConfigurationPlatforms) = postSolution
		{1C157281-4A4E-4411-B443-686C89BDD6FE}.Debug|Any CPU.ActiveCfg = Debug|Any CPU
		{1C157281-4A4E-4411-B443-686C89BDD6FE}.Debug|Any CPU.Build.0 = Debug|Any CPU
		{1C157281-4A4E-4411-B443-686C89BDD6FE}.Release|Any CPU.ActiveCfg = Release|Any CPU
		{1C157281-4A4E-4411-B443-686C89BDD6FE}.Release|Any CPU.Build.0 = Release|Any CPU
	EndGlobalSection
	GlobalSection(SolutionProperties) = preSolution
		HideSolutionNode = FALSE
	EndGlobalSection
	GlobalSection(ExtensibilityGlobals) = postSolution
		SolutionGuid = {C32B124D-35C4-4CC2-8A11-79BC83CBAA03}
	EndGlobalSection
EndGlobal
